
Microsoft Visual Studio Solution File, Format Version 12.00
# Visual Studio Version 17
VisualStudioVersion = 17.0.31903.59
MinimumVisualStudioVersion = 10.0.40219.1
Project("{FAE04EC0-301F-11D3-BF4B-00C04F79EFBC}") = "MovieG33k", "MovieG33k\MovieG33k.csproj", "{C77E6656-4AE4-4C3F-976B-96A6C316E802}"
EndProject
Project("{2150E333-8FDC-42A3-9474-1A3956D46DE8}") = "DTC.Core", "DTC.Core", "{B5805DF2-EF0C-31DF-20A6-16436780157E}"
EndProject
Project("{FAE04EC0-301F-11D3-BF4B-00C04F79EFBC}") = "DTC.Core", "DTC.Core\DTC.Core\DTC.Core.csproj", "{EDCB370D-FCFC-42C9-9E90-6E5E4DA88C47}"
EndProject
Project("{FAE04EC0-301F-11D3-BF4B-00C04F79EFBC}") = "MovieG33k.Core", "MovieG33k.Core\MovieG33k.Core.csproj", "{E050DD49-CAA2-497E-855C-8F94A2CA0A94}"
EndProject
Project("{FAE04EC0-301F-11D3-BF4B-00C04F79EFBC}") = "MovieG33k.Data", "MovieG33k.Data\MovieG33k.Data.csproj", "{FA73CC42-EEDF-470E-A14C-204146249DB3}"
EndProject
Project("{FAE04EC0-301F-11D3-BF4B-00C04F79EFBC}") = "MovieG33k.Imdb", "MovieG33k.Imdb\MovieG33k.Imdb.csproj", "{510DA4D0-428C-41D7-AF21-743B61D538D9}"
EndProject
Project("{FAE04EC0-301F-11D3-BF4B-00C04F79EFBC}") = "MovieG33k.Tmdb", "MovieG33k.Tmdb\MovieG33k.Tmdb.csproj", "{344AA1F9-E7EF-4B49-B8C0-1C8EFD570AA4}"
EndProject
Project("{FAE04EC0-301F-11D3-BF4B-00C04F79EFBC}") = "MovieG33k.Tests", "MovieG33k.Tests\MovieG33k.Tests.csproj", "{89D4E85E-171E-412A-B870-42014C4D5001}"
EndProject
Global
	GlobalSection(SolutionConfigurationPlatforms) = preSolution
		Debug|Any CPU = Debug|Any CPU
		Debug|x64 = Debug|x64
		Debug|x86 = Debug|x86
		Release|Any CPU = Release|Any CPU
		Release|x64 = Release|x64
		Release|x86 = Release|x86
	EndGlobalSection
	GlobalSection(ProjectConfigurationPlatforms) = postSolution
		{C77E6656-4AE4-4C3F-976B-96A6C316E802}.Debug|Any CPU.ActiveCfg = Debug|Any CPU
		{C77E6656-4AE4-4C3F-976B-96A6C316E802}.Debug|Any CPU.Build.0 = Debug|Any CPU
		{C77E6656-4AE4-4C3F-976B-96A6C316E802}.Debug|x64.ActiveCfg = Debug|Any CPU
		{C77E6656-4AE4-4C3F-976B-96A6C316E802}.Debug|x64.Build.0 = Debug|Any CPU
		{C77E6656-4AE4-4C3F-976B-96A6C316E802}.Debug|x86.ActiveCfg = Debug|Any CPU
		{C77E6656-4AE4-4C3F-976B-96A6C316E802}.Debug|x86.Build.0 = Debug|Any CPU
		{C77E6656-4AE4-4C3F-976B-96A6C316E802}.Release|Any CPU.ActiveCfg = Release|Any CPU
		{C77E6656-4AE4-4C3F-976B-96A6C316E802}.Release|Any CPU.Build.0 = Release|Any CPU
		{C77E6656-4AE4-4C3F-976B-96A6C316E802}.Release|x64.ActiveCfg = Release|Any CPU
		{C77E6656-4AE4-4C3F-976B-96A6C316E802}.Release|x64.Build.0 = Release|Any CPU
		{C77E6656-4AE4-4C3F-976B-96A6C316E802}.Release|x86.ActiveCfg = Release|Any CPU
		{C77E6656-4AE4-4C3F-976B-96A6C316E802}.Release|x86.Build.0 = Release|Any CPU
		{EDCB370D-FCFC-42C9-9E90-6E5E4DA88C47}.Debug|Any CPU.ActiveCfg = Debug|Any CPU
		{EDCB370D-FCFC-42C9-9E90-6E5E4DA88C47}.Debug|Any CPU.Build.0 = Debug|Any CPU
		{EDCB370D-FCFC-42C9-9E90-6E5E4DA88C47}.Debug|x64.ActiveCfg = Debug|Any CPU
		{EDCB370D-FCFC-42C9-9E90-6E5E4DA88C47}.Debug|x64.Build.0 = Debug|Any CPU
		{EDCB370D-FCFC-42C9-9E90-6E5E4DA88C47}.Debug|x86.ActiveCfg = Debug|Any CPU
		{EDCB370D-FCFC-42C9-9E90-6E5E4DA88C47}.Debug|x86.Build.0 = Debug|Any CPU
		{EDCB370D-FCFC-42C9-9E90-6E5E4DA88C47}.Release|Any CPU.ActiveCfg = Release|Any CPU
		{EDCB370D-FCFC-42C9-9E90-6E5E4DA88C47}.Release|Any CPU.Build.0 = Release|Any CPU
		{EDCB370D-FCFC-42C9-9E90-6E5E4DA88C47}.Release|x64.ActiveCfg = Release|Any CPU
		{EDCB370D-FCFC-42C9-9E90-6E5E4DA88C47}.Release|x64.Build.0 = Release|Any CPU
		{EDCB370D-FCFC-42C9-9E90-6E5E4DA88C47}.Release|x86.ActiveCfg = Release|Any CPU
		{EDCB370D-FCFC-42C9-9E90-6E5E4DA88C47}.Release|x86.Build.0 = Release|Any CPU
		{E050DD49-CAA2-497E-855C-8F94A2CA0A94}.Debug|Any CPU.ActiveCfg = Debug|Any CPU
		{E050DD49-CAA2-497E-855C-8F94A2CA0A94}.Debug|Any CPU.Build.0 = Debug|Any CPU
		{E050DD49-CAA2-497E-855C-8F94A2CA0A94}.Debug|x64.ActiveCfg = Debug|Any CPU
		{E050DD49-CAA2-497E-855C-8F94A2CA0A94}.Debug|x64.Build.0 = Debug|Any CPU
		{E050DD49-CAA2-497E-855C-8F94A2CA0A94}.Debug|x86.ActiveCfg = Debug|Any CPU
		{E050DD49-CAA2-497E-855C-8F94A2CA0A94}.Debug|x86.Build.0 = Debug|Any CPU
		{E050DD49-CAA2-497E-855C-8F94A2CA0A94}.Release|Any CPU.ActiveCfg = Release|Any CPU
		{E050DD49-CAA2-497E-855C-8F94A2CA0A94}.Release|Any CPU.Build.0 = Release|Any CPU
		{E050DD49-CAA2-497E-855C-8F94A2CA0A94}.Release|x64.ActiveCfg = Release|Any CPU
		{E050DD49-CAA2-497E-855C-8F94A2CA0A94}.Release|x64.Build.0 = Release|Any CPU
		{E050DD49-CAA2-497E-855C-8F94A2CA0A94}.Release|x86.ActiveCfg = Release|Any CPU
		{E050DD49-CAA2-497E-855C-8F94A2CA0A94}.Release|x86.Build.0 = Release|Any CPU
		{FA73CC42-EEDF-470E-A14C-204146249DB3}.Debug|Any CPU.ActiveCfg = Debug|Any CPU
		{FA73CC42-EEDF-470E-A14C-204146249DB3}.Debug|Any CPU.Build.0 = Debug|Any CPU
		{FA73CC42-EEDF-470E-A14C-204146249DB3}.Debug|x64.ActiveCfg = Debug|Any CPU
		{FA73CC42-EEDF-470E-A14C-204146249DB3}.Debug|x64.Build.0 = Debug|Any CPU
		{FA73CC42-EEDF-470E-A14C-204146249DB3}.Debug|x86.ActiveCfg = Debug|Any CPU
		{FA73CC42-EEDF-470E-A14C-204146249DB3}.Debug|x86.Build.0 = Debug|Any CPU
		{FA73CC42-EEDF-470E-A14C-204146249DB3}.Release|Any CPU.ActiveCfg = Release|Any CPU
		{FA73CC42-EEDF-470E-A14C-204146249DB3}.Release|Any CPU.Build.0 = Release|Any CPU
		{FA73CC42-EEDF-470E-A14C-204146249DB3}.Release|x64.ActiveCfg = Release|Any CPU
		{FA73CC42-EEDF-470E-A14C-204146249DB3}.Release|x64.Build.0 = Release|Any CPU
		{FA73CC42-EEDF-470E-A14C-204146249DB3}.Release|x86.ActiveCfg = Release|Any CPU
		{FA73CC42-EEDF-470E-A14C-204146249DB3}.Release|x86.Build.0 = Release|Any CPU
		{510DA4D0-428C-41D7-AF21-743B61D538D9}.Debug|Any CPU.ActiveCfg = Debug|Any CPU
		{510DA4D0-428C-41D7-AF21-743B61D538D9}.Debug|Any CPU.Build.0 = Debug|Any CPU
		{510DA4D0-428C-41D7-AF21-743B61D538D9}.Debug|x64.ActiveCfg = Debug|Any CPU
		{510DA4D0-428C-41D7-AF21-743B61D538D9}.Debug|x64.Build.0 = Debug|Any CPU
		{510DA4D0-428C-41D7-AF21-743B61D538D9}.Debug|x86.ActiveCfg = Debug|Any CPU
		{510DA4D0-428C-41D7-AF21-743B61D538D9}.Debug|x86.Build.0 = Debug|Any CPU
		{510DA4D0-428C-41D7-AF21-743B61D538D9}.Release|Any CPU.ActiveCfg = Release|Any CPU
		{510DA4D0-428C-41D7-AF21-743B61D538D9}.Release|Any CPU.Build.0 = Release|Any CPU
		{510DA4D0-428C-41D7-AF21-743B61D538D9}.Release|x64.ActiveCfg = Release|Any CPU
		{510DA4D0-428C-41D7-AF21-743B61D538D9}.Release|x64.Build.0 = Release|Any CPU
		{510DA4D0-428C-41D7-AF21-743B61D538D9}.Release|x86.ActiveCfg = Release|Any CPU
		{510DA4D0-428C-41D7-AF21-743B61D538D9}.Release|x86.Build.0 = Release|Any CPU
		{344AA1F9-E7EF-4B49-B8C0-1C8EFD570AA4}.Debug|Any CPU.ActiveCfg = Debug|Any CPU
		{344AA1F9-E7EF-4B49-B8C0-1C8EFD570AA4}.Debug|Any CPU.Build.0 = Debug|Any CPU
		{344AA1F9-E7EF-4B49-B8C0-1C8EFD570AA4}.Debug|x64.ActiveCfg = Debug|Any CPU
		{344AA1F9-E7EF-4B49-B8C0-1C8EFD570AA4}.Debug|x64.Build.0 = Debug|Any CPU
		{344AA1F9-E7EF-4B49-B8C0-1C8EFD570AA4}.Debug|x86.ActiveCfg = Debug|Any CPU
		{344AA1F9-E7EF-4B49-B8C0-1C8EFD570AA4}.Debug|x86.Build.0 = Debug|Any CPU
		{344AA1F9-E7EF-4B49-B8C0-1C8EFD570AA4}.Release|Any CPU.ActiveCfg = Release|Any CPU
		{344AA1F9-E7EF-4B49-B8C0-1C8EFD570AA4}.Release|Any CPU.Build.0 = Release|Any CPU
		{344AA1F9-E7EF-4B49-B8C0-1C8EFD570AA4}.Release|x64.ActiveCfg = Release|Any CPU
		{344AA1F9-E7EF-4B49-B8C0-1C8EFD570AA4}.Release|x64.Build.0 = Release|Any CPU
		{344AA1F9-E7EF-4B49-B8C0-1C8EFD570AA4}.Release|x86.ActiveCfg = Release|Any CPU
		{344AA1F9-E7EF-4B49-B8C0-1C8EFD570AA4}.Release|x86.Build.0 = Release|Any CPU
		{89D4E85E-171E-412A-B870-42014C4D5001}.Debug|Any CPU.ActiveCfg = Debug|Any CPU
		{89D4E85E-171E-412A-B870-42014C4D5001}.Debug|Any CPU.Build.0 = Debug|Any CPU
		{89D4E85E-171E-412A-B870-42014C4D5001}.Debug|x64.ActiveCfg = Debug|Any CPU
		{89D4E85E-171E-412A-B870-42014C4D5001}.Debug|x64.Build.0 = Debug|Any CPU
		{89D4E85E-171E-412A-B870-42014C4D5001}.Debug|x86.ActiveCfg = Debug|Any CPU
		{89D4E85E-171E-412A-B870-42014C4D5001}.Debug|x86.Build.0 = Debug|Any CPU
		{89D4E85E-171E-412A-B870-42014C4D5001}.Release|Any CPU.ActiveCfg = Release|Any CPU
		{89D4E85E-171E-412A-B870-42014C4D5001}.Release|Any CPU.Build.0 = Release|Any CPU
		{89D4E85E-171E-412A-B870-42014C4D5001}.Release|x64.ActiveCfg = Release|Any CPU
		{89D4E85E-171E-412A-B870-42014C4D5001}.Release|x64.Build.0 = Release|Any CPU
		{89D4E85E-171E-412A-B870-42014C4D5001}.Release|x86.ActiveCfg = Release|Any CPU
		{89D4E85E-171E-412A-B870-42014C4D5001}.Release|x86.Build.0 = Release|Any CPU
	EndGlobalSection
	GlobalSection(SolutionProperties) = preSolution
		HideSolutionNode = FALSE
	EndGlobalSection
	GlobalSection(NestedProjects) = preSolution
		{EDCB370D-FCFC-42C9-9E90-6E5E4DA88C47} = {B5805DF2-EF0C-31DF-20A6-16436780157E}
	EndGlobalSection
EndGlobal
